
Microsoft Visual Studio Solution File, Format Version 12.00
# Visual Studio 15
VisualStudioVersion = 15.0.28307.329
MinimumVisualStudioVersion = 10.0.40219.1
Project("{FAE04EC0-301F-11D3-BF4B-00C04F79EFBC}") = "WeatherApp.Android", "WeatherApp\WeatherApp.Android\WeatherApp.Android.csproj", "{90D500C2-428A-4B8D-AEB0-0EC67564047C}"
EndProject
Project("{FAE04EC0-301F-11D3-BF4B-00C04F79EFBC}") = "WeatherApp.iOS", "WeatherApp\WeatherApp.iOS\WeatherApp.iOS.csproj", "{8B336B21-E660-4128-AEB3-CBE47CA84B73}"
EndProject
Project("{FAE04EC0-301F-11D3-BF4B-00C04F79EFBC}") = "WeatherApp.UWP", "WeatherApp\WeatherApp.UWP\WeatherApp.UWP.csproj", "{19349D1E-FF1D-482A-942C-F01D17547AD2}"
EndProject
Project("{FAE04EC0-301F-11D3-BF4B-00C04F79EFBC}") = "WeatherApp", "WeatherApp\WeatherApp\WeatherApp.csproj", "{7106A4D9-12A4-4889-83E5-B13F7A8175E4}"
EndProject
Global
	GlobalSection(SolutionConfigurationPlatforms) = preSolution
		Ad-Hoc|Any CPU = Ad-Hoc|Any CPU
		Ad-Hoc|ARM = Ad-Hoc|ARM
		Ad-Hoc|iPhone = Ad-Hoc|iPhone
		Ad-Hoc|iPhoneSimulator = Ad-Hoc|iPhoneSimulator
		Ad-Hoc|x64 = Ad-Hoc|x64
		Ad-Hoc|x86 = Ad-Hoc|x86
		AppStore|Any CPU = AppStore|Any CPU
		AppStore|ARM = AppStore|ARM
		AppStore|iPhone = AppStore|iPhone
		AppStore|iPhoneSimulator = AppStore|iPhoneSimulator
		AppStore|x64 = AppStore|x64
		AppStore|x86 = AppStore|x86
		Debug|Any CPU = Debug|Any CPU
		Debug|ARM = Debug|ARM
		Debug|iPhone = Debug|iPhone
		Debug|iPhoneSimulator = Debug|iPhoneSimulator
		Debug|x64 = Debug|x64
		Debug|x86 = Debug|x86
		Release|Any CPU = Release|Any CPU
		Release|ARM = Release|ARM
		Release|iPhone = Release|iPhone
		Release|iPhoneSimulator = Release|iPhoneSimulator
		Release|x64 = Release|x64
		Release|x86 = Release|x86
	EndGlobalSection
	GlobalSection(ProjectConfigurationPlatforms) = postSolution
		{90D500C2-428A-4B8D-AEB0-0EC67564047C}.Ad-Hoc|Any CPU.ActiveCfg = Release|Any CPU
		{90D500C2-428A-4B8D-AEB0-0EC67564047C}.Ad-Hoc|Any CPU.Build.0 = Release|Any CPU
		{90D500C2-428A-4B8D-AEB0-0EC67564047C}.Ad-Hoc|Any CPU.Deploy.0 = Release|Any CPU
		{90D500C2-428A-4B8D-AEB0-0EC67564047C}.Ad-Hoc|ARM.ActiveCfg = Release|Any CPU
		{90D500C2-428A-4B8D-AEB0-0EC67564047C}.Ad-Hoc|ARM.Build.0 = Release|Any CPU
		{90D500C2-428A-4B8D-AEB0-0EC67564047C}.Ad-Hoc|ARM.Deploy.0 = Release|Any CPU
		{90D500C2-428A-4B8D-AEB0-0EC67564047C}.Ad-Hoc|iPhone.ActiveCfg = Release|Any CPU
		{90D500C2-428A-4B8D-AEB0-0EC67564047C}.Ad-Hoc|iPhone.Build.0 = Release|Any CPU
		{90D500C2-428A-4B8D-AEB0-0EC67564047C}.Ad-Hoc|iPhone.Deploy.0 = Release|Any CPU
		{90D500C2-428A-4B8D-AEB0-0EC67564047C}.Ad-Hoc|iPhoneSimulator.ActiveCfg = Release|Any CPU
		{90D500C2-428A-4B8D-AEB0-0EC67564047C}.Ad-Hoc|iPhoneSimulator.Build.0 = Release|Any CPU
		{90D500C2-428A-4B8D-AEB0-0EC67564047C}.Ad-Hoc|iPhoneSimulator.Deploy.0 = Release|Any CPU
		{90D500C2-428A-4B8D-AEB0-0EC67564047C}.Ad-Hoc|x64.ActiveCfg = Release|Any CPU
		{90D500C2-428A-4B8D-AEB0-0EC67564047C}.Ad-Hoc|x64.Build.0 = Release|Any CPU
		{90D500C2-428A-4B8D-AEB0-0EC67564047C}.Ad-Hoc|x64.Deploy.0 = Release|Any CPU
		{90D500C2-428A-4B8D-AEB0-0EC67564047C}.Ad-Hoc|x86.ActiveCfg = Release|Any CPU
		{90D500C2-428A-4B8D-AEB0-0EC67564047C}.Ad-Hoc|x86.Build.0 = Release|Any CPU
		{90D500C2-428A-4B8D-AEB0-0EC67564047C}.Ad-Hoc|x86.Deploy.0 = Release|Any CPU
		{90D500C2-428A-4B8D-AEB0-0EC67564047C}.AppStore|Any CPU.ActiveCfg = Release|Any CPU
		{90D500C2-428A-4B8D-AEB0-0EC67564047C}.AppStore|Any CPU.Build.0 = Release|Any CPU
		{90D500C2-428A-4B8D-AEB0-0EC67564047C}.AppStore|Any CPU.Deploy.0 = Release|Any CPU
		{90D500C2-428A-4B8D-AEB0-0EC67564047C}.AppStore|ARM.ActiveCfg = Release|Any CPU
		{90D500C2-428A-4B8D-AEB0-0EC67564047C}.AppStore|ARM.Build.0 = Release|Any CPU
		{90D500C2-428A-4B8D-AEB0-0EC67564047C}.AppStore|ARM.Deploy.0 = Release|Any CPU
		{90D500C2-428A-4B8D-AEB0-0EC67564047C}.AppStore|iPhone.ActiveCfg = Release|Any CPU
		{90D500C2-428A-4B8D-AEB0-0EC67564047C}.AppStore|iPhone.Build.0 = Release|Any CPU
		{90D500C2-428A-4B8D-AEB0-0EC67564047C}.AppStore|iPhone.Deploy.0 = Release|Any CPU
		{90D500C2-428A-4B8D-AEB0-0EC67564047C}.AppStore|iPhoneSimulator.ActiveCfg = Release|Any CPU
		{90D500C2-428A-4B8D-AEB0-0EC67564047C}.AppStore|iPhoneSimulator.Build.0 = Release|Any CPU
		{90D500C2-428A-4B8D-AEB0-0EC67564047C}.AppStore|iPhoneSimulator.Deploy.0 = Release|Any CPU
		{90D500C2-428A-4B8D-AEB0-0EC67564047C}.AppStore|x64.ActiveCfg = Release|Any CPU
		{90D500C2-428A-4B8D-AEB0-0EC67564047C}.AppStore|x64.Build.0 = Release|Any CPU
		{90D500C2-428A-4B8D-AEB0-0EC67564047C}.AppStore|x64.Deploy.0 = Release|Any CPU
		{90D500C2-428A-4B8D-AEB0-0EC67564047C}.AppStore|x86.ActiveCfg = Release|Any CPU
		{90D500C2-428A-4B8D-AEB0-0EC67564047C}.AppStore|x86.Build.0 = Release|Any CPU
		{90D500C2-428A-4B8D-AEB0-0EC67564047C}.AppStore|x86.Deploy.0 = Release|Any CPU
		{90D500C2-428A-4B8D-AEB0-0EC67564047C}.Debug|Any CPU.ActiveCfg = Debug|Any CPU
		{90D500C2-428A-4B8D-AEB0-0EC67564047C}.Debug|Any CPU.Build.0 = Debug|Any CPU
		{90D500C2-428A-4B8D-AEB0-0EC67564047C}.Debug|Any CPU.Deploy.0 = Debug|Any CPU
		{90D500C2-428A-4B8D-AEB0-0EC67564047C}.Debug|ARM.ActiveCfg = Debug|Any CPU
		{90D500C2-428A-4B8D-AEB0-0EC67564047C}.Debug|ARM.Build.0 = Debug|Any CPU
		{90D500C2-428A-4B8D-AEB0-0EC67564047C}.Debug|ARM.Deploy.0 = Debug|Any CPU
		{90D500C2-428A-4B8D-AEB0-0EC67564047C}.Debug|iPhone.ActiveCfg = Debug|Any CPU
		{90D500C2-428A-4B8D-AEB0-0EC67564047C}.Debug|iPhone.Build.0 = Debug|Any CPU
		{90D500C2-428A-4B8D-AEB0-0EC67564047C}.Debug|iPhone.Deploy.0 = Debug|Any CPU
		{90D500C2-428A-4B8D-AEB0-0EC67564047C}.Debug|iPhoneSimulator.ActiveCfg = Debug|Any CPU
		{90D500C2-428A-4B8D-AEB0-0EC67564047C}.Debug|iPhoneSimulator.Build.0 = Debug|Any CPU
		{90D500C2-428A-4B8D-AEB0-0EC67564047C}.Debug|iPhoneSimulator.Deploy.0 = Debug|Any CPU
		{90D500C2-428A-4B8D-AEB0-0EC67564047C}.Debug|x64.ActiveCfg = Debug|Any CPU
		{90D500C2-428A-4B8D-AEB0-0EC67564047C}.Debug|x64.Build.0 = Debug|Any CPU
		{90D500C2-428A-4B8D-AEB0-0EC67564047C}.Debug|x64.Deploy.0 = Debug|Any CPU
		{90D500C2-428A-4B8D-AEB0-0EC67564047C}.Debug|x86.ActiveCfg = Debug|Any CPU
		{90D500C2-428A-4B8D-AEB0-0EC67564047C}.Debug|x86.Build.0 = Debug|Any CPU
		{90D500C2-428A-4B8D-AEB0-0EC67564047C}.Debug|x86.Deploy.0 = Debug|Any CPU
		{90D500C2-428A-4B8D-AEB0-0EC67564047C}.Release|Any CPU.ActiveCfg = Release|Any CPU
		{90D500C2-428A-4B8D-AEB0-0EC67564047C}.Release|Any CPU.Build.0 = Release|Any CPU
		{90D500C2-428A-4B8D-AEB0-0EC67564047C}.Release|Any CPU.Deploy.0 = Release|Any CPU
		{90D500C2-428A-4B8D-AEB0-0EC67564047C}.Release|ARM.ActiveCfg = Release|Any CPU
		{90D500C2-428A-4B8D-AEB0-0EC67564047C}.Release|ARM.Build.0 = Release|Any CPU
		{90D500C2-428A-4B8D-AEB0-0EC67564047C}.Release|ARM.Deploy.0 = Release|Any CPU
		{90D500C2-428A-4B8D-AEB0-0EC67564047C}.Release|iPhone.ActiveCfg = Release|Any CPU
		{90D500C2-428A-4B8D-AEB0-0EC67564047C}.Release|iPhone.Build.0 = Release|Any CPU
		{90D500C2-428A-4B8D-AEB0-0EC67564047C}.Release|iPhone.Deploy.0 = Release|Any CPU
		{90D500C2-428A-4B8D-AEB0-0EC67564047C}.Release|iPhoneSimulator.ActiveCfg = Release|Any CPU
		{90D500C2-428A-4B8D-AEB0-0EC67564047C}.Release|iPhoneSimulator.Build.0 = Release|Any CPU
		{90D500C2-428A-4B8D-AEB0-0EC67564047C}.Release|iPhoneSimulator.Deploy.0 = Release|Any CPU
		{90D500C2-428A-4B8D-AEB0-0EC67564047C}.Release|x64.ActiveCfg = Release|Any CPU
		{90D500C2-428A-4B8D-AEB0-0EC67564047C}.Release|x64.Build.0 = Release|Any CPU
		{90D500C2-428A-4B8D-AEB0-0EC67564047C}.Release|x64.Deploy.0 = Release|Any CPU
		{90D500C2-428A-4B8D-AEB0-0EC67564047C}.Release|x86.ActiveCfg = Release|Any CPU
		{90D500C2-428A-4B8D-AEB0-0EC67564047C}.Release|x86.Build.0 = Release|Any CPU
		{90D500C2-428A-4B8D-AEB0-0EC67564047C}.Release|x86.Deploy.0 = Release|Any CPU
		{8B336B21-E660-4128-AEB3-CBE47CA84B73}.Ad-Hoc|Any CPU.ActiveCfg = Ad-Hoc|iPhone
		{8B336B21-E660-4128-AEB3-CBE47CA84B73}.Ad-Hoc|Any CPU.Build.0 = Ad-Hoc|iPhone
		{8B336B21-E660-4128-AEB3-CBE47CA84B73}.Ad-Hoc|Any CPU.Deploy.0 = Ad-Hoc|iPhone
		{8B336B21-E660-4128-AEB3-CBE47CA84B73}.Ad-Hoc|ARM.ActiveCfg = Ad-Hoc|iPhone
		{8B336B21-E660-4128-AEB3-CBE47CA84B73}.Ad-Hoc|ARM.Build.0 = Ad-Hoc|iPhone
		{8B336B21-E660-4128-AEB3-CBE47CA84B73}.Ad-Hoc|ARM.Deploy.0 = Ad-Hoc|iPhone
		{8B336B21-E660-4128-AEB3-CBE47CA84B73}.Ad-Hoc|iPhone.ActiveCfg = Ad-Hoc|iPhone
		{8B336B21-E660-4128-AEB3-CBE47CA84B73}.Ad-Hoc|iPhone.Build.0 = Ad-Hoc|iPhone
		{8B336B21-E660-4128-AEB3-CBE47CA84B73}.Ad-Hoc|iPhone.Deploy.0 = Ad-Hoc|iPhone
		{8B336B21-E660-4128-AEB3-CBE47CA84B73}.Ad-Hoc|iPhoneSimulator.ActiveCfg = Ad-Hoc|iPhoneSimulator
		{8B336B21-E660-4128-AEB3-CBE47CA84B73}.Ad-Hoc|iPhoneSimulator.Build.0 = Ad-Hoc|iPhoneSimulator
		{8B336B21-E660-4128-AEB3-CBE47CA84B73}.Ad-Hoc|iPhoneSimulator.Deploy.0 = Ad-Hoc|iPhoneSimulator
		{8B336B21-E660-4128-AEB3-CBE47CA84B73}.Ad-Hoc|x64.ActiveCfg = Ad-Hoc|iPhone
		{8B336B21-E660-4128-AEB3-CBE47CA84B73}.Ad-Hoc|x64.Build.0 = Ad-Hoc|iPhone
		{8B336B21-E660-4128-AEB3-CBE47CA84B73}.Ad-Hoc|x64.Deploy.0 = Ad-Hoc|iPhone
		{8B336B21-E660-4128-AEB3-CBE47CA84B73}.Ad-Hoc|x86.ActiveCfg = Ad-Hoc|iPhone
		{8B336B21-E660-4128-AEB3-CBE47CA84B73}.Ad-Hoc|x86.Build.0 = Ad-Hoc|iPhone
		{8B336B21-E660-4128-AEB3-CBE47CA84B73}.Ad-Hoc|x86.Deploy.0 = Ad-Hoc|iPhone
		{8B336B21-E660-4128-AEB3-CBE47CA84B73}.AppStore|Any CPU.ActiveCfg = AppStore|iPhone
		{8B336B21-E660-4128-AEB3-CBE47CA84B73}.AppStore|Any CPU.Build.0 = AppStore|iPhone
		{8B336B21-E660-4128-AEB3-CBE47CA84B73}.AppStore|Any CPU.Deploy.0 = AppStore|iPhone
		{8B336B21-E660-4128-AEB3-CBE47CA84B73}.AppStore|ARM.ActiveCfg = AppStore|iPhone
		{8B336B21-E660-4128-AEB3-CBE47CA84B73}.AppStore|ARM.Build.0 = AppStore|iPhone
		{8B336B21-E660-4128-AEB3-CBE47CA84B73}.AppStore|ARM.Deploy.0 = AppStore|iPhone
		{8B336B21-E660-4128-AEB3-CBE47CA84B73}.AppStore|iPhone.ActiveCfg = AppStore|iPhone
		{8B336B21-E660-4128-AEB3-CBE47CA84B73}.AppStore|iPhone.Build.0 = AppStore|iPhone
		{8B336B21-E660-4128-AEB3-CBE47CA84B73}.AppStore|iPhone.Deploy.0 = AppStore|iPhone
		{8B336B21-E660-4128-AEB3-CBE47CA84B73}.AppStore|iPhoneSimulator.ActiveCfg = AppStore|iPhoneSimulator
		{8B336B21-E660-4128-AEB3-CBE47CA84B73}.AppStore|iPhoneSimulator.Build.0 = AppStore|iPhoneSimulator
		{8B336B21-E660-4128-AEB3-CBE47CA84B73}.AppStore|iPhoneSimulator.Deploy.0 = AppStore|iPhoneSimulator
		{8B336B21-E660-4128-AEB3-CBE47CA84B73}.AppStore|x64.ActiveCfg = AppStore|iPhone
		{8B336B21-E660-4128-AEB3-CBE47CA84B73}.AppStore|x64.Build.0 = AppStore|iPhone
		{8B336B21-E660-4128-AEB3-CBE47CA84B73}.AppStore|x64.Deploy.0 = AppStore|iPhone
		{8B336B21-E660-4128-AEB3-CBE47CA84B73}.AppStore|x86.ActiveCfg = AppStore|iPhone
		{8B336B21-E660-4128-AEB3-CBE47CA84B73}.AppStore|x86.Build.0 = AppStore|iPhone
		{8B336B21-E660-4128-AEB3-CBE47CA84B73}.AppStore|x86.Deploy.0 = AppStore|iPhone
		{8B336B21-E660-4128-AEB3-CBE47CA84B73}.Debug|Any CPU.ActiveCfg = Debug|iPhoneSimulator
		{8B336B21-E660-4128-AEB3-CBE47CA84B73}.Debug|Any CPU.Build.0 = Debug|iPhoneSimulator
		{8B336B21-E660-4128-AEB3-CBE47CA84B73}.Debug|Any CPU.Deploy.0 = Debug|iPhoneSimulator
		{8B336B21-E660-4128-AEB3-CBE47CA84B73}.Debug|ARM.ActiveCfg = Debug|iPhone
		{8B336B21-E660-4128-AEB3-CBE47CA84B73}.Debug|ARM.Build.0 = Debug|iPhone
		{8B336B21-E660-4128-AEB3-CBE47CA84B73}.Debug|ARM.Deploy.0 = Debug|iPhone
		{8B336B21-E660-4128-AEB3-CBE47CA84B73}.Debug|iPhone.ActiveCfg = Debug|iPhone
		{8B336B21-E660-4128-AEB3-CBE47CA84B73}.Debug|iPhone.Build.0 = Debug|iPhone
		{8B336B21-E660-4128-AEB3-CBE47CA84B73}.Debug|iPhone.Deploy.0 = Debug|iPhone
		{8B336B21-E660-4128-AEB3-CBE47CA84B73}.Debug|iPhoneSimulator.ActiveCfg = Debug|iPhoneSimulator
		{8B336B21-E660-4128-AEB3-CBE47CA84B73}.Debug|iPhoneSimulator.Build.0 = Debug|iPhoneSimulator
		{8B336B21-E660-4128-AEB3-CBE47CA84B73}.Debug|iPhoneSimulator.Deploy.0 = Debug|iPhoneSimulator
		{8B336B21-E660-4128-AEB3-CBE47CA84B73}.Debug|x64.ActiveCfg = Debug|iPhone
		{8B336B21-E660-4128-AEB3-CBE47CA84B73}.Debug|x64.Build.0 = Debug|iPhone
		{8B336B21-E660-4128-AEB3-CBE47CA84B73}.Debug|x64.Deploy.0 = Debug|iPhone
		{8B336B21-E660-4128-AEB3-CBE47CA84B73}.Debug|x86.ActiveCfg = Debug|iPhone
		{8B336B21-E660-4128-AEB3-CBE47CA84B73}.Debug|x86.Build.0 = Debug|iPhone
		{8B336B21-E660-4128-AEB3-CBE47CA84B73}.Debug|x86.Deploy.0 = Debug|iPhone
		{8B336B21-E660-4128-AEB3-CBE47CA84B73}.Release|Any CPU.ActiveCfg = Release|iPhone
		{8B336B21-E660-4128-AEB3-CBE47CA84B73}.Release|Any CPU.Build.0 = Release|iPhone
		{8B336B21-E660-4128-AEB3-CBE47CA84B73}.Release|Any CPU.Deploy.0 = Release|iPhone
		{8B336B21-E660-4128-AEB3-CBE47CA84B73}.Release|ARM.ActiveCfg = Release|iPhone
		{8B336B21-E660-4128-AEB3-CBE47CA84B73}.Release|ARM.Build.0 = Release|iPhone
		{8B336B21-E660-4128-AEB3-CBE47CA84B73}.Release|ARM.Deploy.0 = Release|iPhone
		{8B336B21-E660-4128-AEB3-CBE47CA84B73}.Release|iPhone.ActiveCfg = Release|iPhone
		{8B336B21-E660-4128-AEB3-CBE47CA84B73}.Release|iPhone.Build.0 = Release|iPhone
		{8B336B21-E660-4128-AEB3-CBE47CA84B73}.Release|iPhone.Deploy.0 = Release|iPhone
		{8B336B21-E660-4128-AEB3-CBE47CA84B73}.Release|iPhoneSimulator.ActiveCfg = Release|iPhoneSimulator
		{8B336B21-E660-4128-AEB3-CBE47CA84B73}.Release|iPhoneSimulator.Build.0 = Release|iPhoneSimulator
		{8B336B21-E660-4128-AEB3-CBE47CA84B73}.Release|iPhoneSimulator.Deploy.0 = Release|iPhoneSimulator
		{8B336B21-E660-4128-AEB3-CBE47CA84B73}.Release|x64.ActiveCfg = Release|iPhone
		{8B336B21-E660-4128-AEB3-CBE47CA84B73}.Release|x64.Build.0 = Release|iPhone
		{8B336B21-E660-4128-AEB3-CBE47CA84B73}.Release|x64.Deploy.0 = Release|iPhone
		{8B336B21-E660-4128-AEB3-CBE47CA84B73}.Release|x86.ActiveCfg = Release|iPhone
		{8B336B21-E660-4128-AEB3-CBE47CA84B73}.Release|x86.Build.0 = Release|iPhone
		{8B336B21-E660-4128-AEB3-CBE47CA84B73}.Release|x86.Deploy.0 = Release|iPhone
		{19349D1E-FF1D-482A-942C-F01D17547AD2}.Ad-Hoc|Any CPU.ActiveCfg = Release|x86
		{19349D1E-FF1D-482A-942C-F01D17547AD2}.Ad-Hoc|Any CPU.Build.0 = Release|x86
		{19349D1E-FF1D-482A-942C-F01D17547AD2}.Ad-Hoc|Any CPU.Deploy.0 = Release|x86
		{19349D1E-FF1D-482A-942C-F01D17547AD2}.Ad-Hoc|ARM.ActiveCfg = Release|ARM
		{19349D1E-FF1D-482A-942C-F01D17547AD2}.Ad-Hoc|ARM.Build.0 = Release|ARM
		{19349D1E-FF1D-482A-942C-F01D17547AD2}.Ad-Hoc|ARM.Deploy.0 = Release|ARM
		{19349D1E-FF1D-482A-942C-F01D17547AD2}.Ad-Hoc|iPhone.ActiveCfg = Release|x86
		{19349D1E-FF1D-482A-942C-F01D17547AD2}.Ad-Hoc|iPhone.Build.0 = Release|x86
		{19349D1E-FF1D-482A-942C-F01D17547AD2}.Ad-Hoc|iPhone.Deploy.0 = Release|x86
		{19349D1E-FF1D-482A-942C-F01D17547AD2}.Ad-Hoc|iPhoneSimulator.ActiveCfg = Release|x86
		{19349D1E-FF1D-482A-942C-F01D17547AD2}.Ad-Hoc|iPhoneSimulator.Build.0 = Release|x86
		{19349D1E-FF1D-482A-942C-F01D17547AD2}.Ad-Hoc|iPhoneSimulator.Deploy.0 = Release|x86
		{19349D1E-FF1D-482A-942C-F01D17547AD2}.Ad-Hoc|x64.ActiveCfg = Release|x64
		{19349D1E-FF1D-482A-942C-F01D17547AD2}.Ad-Hoc|x64.Build.0 = Release|x64
		{19349D1E-FF1D-482A-942C-F01D17547AD2}.Ad-Hoc|x64.Deploy.0 = Release|x64
		{19349D1E-FF1D-482A-942C-F01D17547AD2}.Ad-Hoc|x86.ActiveCfg = Release|x86
		{19349D1E-FF1D-482A-942C-F01D17547AD2}.Ad-Hoc|x86.Build.0 = Release|x86
		{19349D1E-FF1D-482A-942C-F01D17547AD2}.Ad-Hoc|x86.Deploy.0 = Release|x86
		{19349D1E-FF1D-482A-942C-F01D17547AD2}.AppStore|Any CPU.ActiveCfg = Release|x86
		{19349D1E-FF1D-482A-942C-F01D17547AD2}.AppStore|Any CPU.Build.0 = Release|x86
		{19349D1E-FF1D-482A-942C-F01D17547AD2}.AppStore|Any CPU.Deploy.0 = Release|x86
		{19349D1E-FF1D-482A-942C-F01D17547AD2}.AppStore|ARM.ActiveCfg = Release|ARM
		{19349D1E-FF1D-482A-942C-F01D17547AD2}.AppStore|ARM.Build.0 = Release|ARM
		{19349D1E-FF1D-482A-942C-F01D17547AD2}.AppStore|ARM.Deploy.0 = Release|ARM
		{19349D1E-FF1D-482A-942C-F01D17547AD2}.AppStore|iPhone.ActiveCfg = Release|x86
		{19349D1E-FF1D-482A-942C-F01D17547AD2}.AppStore|iPhone.Build.0 = Release|x86
		{19349D1E-FF1D-482A-942C-F01D17547AD2}.AppStore|iPhone.Deploy.0 = Release|x86
		{19349D1E-FF1D-482A-942C-F01D17547AD2}.AppStore|iPhoneSimulator.ActiveCfg = Release|x86
		{19349D1E-FF1D-482A-942C-F01D17547AD2}.AppStore|iPhoneSimulator.Build.0 = Release|x86
		{19349D1E-FF1D-482A-942C-F01D17547AD2}.AppStore|iPhoneSimulator.Deploy.0 = Release|x86
		{19349D1E-FF1D-482A-942C-F01D17547AD2}.AppStore|x64.ActiveCfg = Release|x64
		{19349D1E-FF1D-482A-942C-F01D17547AD2}.AppStore|x64.Build.0 = Release|x64
		{19349D1E-FF1D-482A-942C-F01D17547AD2}.AppStore|x64.Deploy.0 = Release|x64
		{19349D1E-FF1D-482A-942C-F01D17547AD2}.AppStore|x86.ActiveCfg = Release|x86
		{19349D1E-FF1D-482A-942C-F01D17547AD2}.AppStore|x86.Build.0 = Release|x86
		{19349D1E-FF1D-482A-942C-F01D17547AD2}.AppStore|x86.Deploy.0 = Release|x86
		{19349D1E-FF1D-482A-942C-F01D17547AD2}.Debug|Any CPU.ActiveCfg = Debug|x86
		{19349D1E-FF1D-482A-942C-F01D17547AD2}.Debug|Any CPU.Build.0 = Debug|x86
		{19349D1E-FF1D-482A-942C-F01D17547AD2}.Debug|Any CPU.Deploy.0 = Debug|x86
		{19349D1E-FF1D-482A-942C-F01D17547AD2}.Debug|ARM.ActiveCfg = Debug|ARM
		{19349D1E-FF1D-482A-942C-F01D17547AD2}.Debug|ARM.Build.0 = Debug|ARM
		{19349D1E-FF1D-482A-942C-F01D17547AD2}.Debug|ARM.Deploy.0 = Debug|ARM
		{19349D1E-FF1D-482A-942C-F01D17547AD2}.Debug|iPhone.ActiveCfg = Debug|x86
		{19349D1E-FF1D-482A-942C-F01D17547AD2}.Debug|iPhone.Build.0 = Debug|x86
		{19349D1E-FF1D-482A-942C-F01D17547AD2}.Debug|iPhone.Deploy.0 = Debug|x86
		{19349D1E-FF1D-482A-942C-F01D17547AD2}.Debug|iPhoneSimulator.ActiveCfg = Debug|x86
		{19349D1E-FF1D-482A-942C-F01D17547AD2}.Debug|iPhoneSimulator.Build.0 = Debug|x86
		{19349D1E-FF1D-482A-942C-F01D17547AD2}.Debug|iPhoneSimulator.Deploy.0 = Debug|x86
		{19349D1E-FF1D-482A-942C-F01D17547AD2}.Debug|x64.ActiveCfg = Debug|x64
		{19349D1E-FF1D-482A-942C-F01D17547AD2}.Debug|x64.Build.0 = Debug|x64
		{19349D1E-FF1D-482A-942C-F01D17547AD2}.Debug|x64.Deploy.0 = Debug|x64
		{19349D1E-FF1D-482A-942C-F01D17547AD2}.Debug|x86.ActiveCfg = Debug|x86
		{19349D1E-FF1D-482A-942C-F01D17547AD2}.Debug|x86.Build.0 = Debug|x86
		{19349D1E-FF1D-482A-942C-F01D17547AD2}.Debug|x86.Deploy.0 = Debug|x86
		{19349D1E-FF1D-482A-942C-F01D17547AD2}.Release|Any CPU.ActiveCfg = Release|x86
		{19349D1E-FF1D-482A-942C-F01D17547AD2}.Release|Any CPU.Build.0 = Release|x86
		{19349D1E-FF1D-482A-942C-F01D17547AD2}.Release|Any CPU.Deploy.0 = Release|x86
		{19349D1E-FF1D-482A-942C-F01D17547AD2}.Release|ARM.ActiveCfg = Release|ARM
		{19349D1E-FF1D-482A-942C-F01D17547AD2}.Release|ARM.Build.0 = Release|ARM
		{19349D1E-FF1D-482A-942C-F01D17547AD2}.Release|ARM.Deploy.0 = Release|ARM
		{19349D1E-FF1D-482A-942C-F01D17547AD2}.Release|iPhone.ActiveCfg = Release|x86
		{19349D1E-FF1D-482A-942C-F01D17547AD2}.Release|iPhone.Build.0 = Release|x86
		{19349D1E-FF1D-482A-942C-F01D17547AD2}.Release|iPhone.Deploy.0 = Release|x86
		{19349D1E-FF1D-482A-942C-F01D17547AD2}.Release|iPhoneSimulator.ActiveCfg = Release|x86
		{19349D1E-FF1D-482A-942C-F01D17547AD2}.Release|iPhoneSimulator.Build.0 = Release|x86
		{19349D1E-FF1D-482A-942C-F01D17547AD2}.Release|iPhoneSimulator.Deploy.0 = Release|x86
		{19349D1E-FF1D-482A-942C-F01D17547AD2}.Release|x64.ActiveCfg = Release|x64
		{19349D1E-FF1D-482A-942C-F01D17547AD2}.Release|x64.Build.0 = Release|x64
		{19349D1E-FF1D-482A-942C-F01D17547AD2}.Release|x64.Deploy.0 = Release|x64
		{19349D1E-FF1D-482A-942C-F01D17547AD2}.Release|x86.ActiveCfg = Release|x86
		{19349D1E-FF1D-482A-942C-F01D17547AD2}.Release|x86.Build.0 = Release|x86
		{19349D1E-FF1D-482A-942C-F01D17547AD2}.Release|x86.Deploy.0 = Release|x86
		{7106A4D9-12A4-4889-83E5-B13F7A8175E4}.Ad-Hoc|Any CPU.ActiveCfg = Debug|Any CPU
		{7106A4D9-12A4-4889-83E5-B13F7A8175E4}.Ad-Hoc|Any CPU.Build.0 = Debug|Any CPU
		{7106A4D9-12A4-4889-83E5-B13F7A8175E4}.Ad-Hoc|Any CPU.Deploy.0 = Debug|Any CPU
		{7106A4D9-12A4-4889-83E5-B13F7A8175E4}.Ad-Hoc|ARM.ActiveCfg = Debug|Any CPU
		{7106A4D9-12A4-4889-83E5-B13F7A8175E4}.Ad-Hoc|ARM.Build.0 = Debug|Any CPU
		{7106A4D9-12A4-4889-83E5-B13F7A8175E4}.Ad-Hoc|ARM.Deploy.0 = Debug|Any CPU
		{7106A4D9-12A4-4889-83E5-B13F7A8175E4}.Ad-Hoc|iPhone.ActiveCfg = Debug|Any CPU
		{7106A4D9-12A4-4889-83E5-B13F7A8175E4}.Ad-Hoc|iPhone.Build.0 = Debug|Any CPU
		{7106A4D9-12A4-4889-83E5-B13F7A8175E4}.Ad-Hoc|iPhone.Deploy.0 = Debug|Any CPU
		{7106A4D9-12A4-4889-83E5-B13F7A8175E4}.Ad-Hoc|iPhoneSimulator.ActiveCfg = Debug|Any CPU
		{7106A4D9-12A4-4889-83E5-B13F7A8175E4}.Ad-Hoc|iPhoneSimulator.Build.0 = Debug|Any CPU
		{7106A4D9-12A4-4889-83E5-B13F7A8175E4}.Ad-Hoc|iPhoneSimulator.Deploy.0 = Debug|Any CPU
		{7106A4D9-12A4-4889-83E5-B13F7A8175E4}.Ad-Hoc|x64.ActiveCfg = Debug|Any CPU
		{7106A4D9-12A4-4889-83E5-B13F7A8175E4}.Ad-Hoc|x64.Build.0 = Debug|Any CPU
		{7106A4D9-12A4-4889-83E5-B13F7A8175E4}.Ad-Hoc|x64.Deploy.0 = Debug|Any CPU
		{7106A4D9-12A4-4889-83E5-B13F7A8175E4}.Ad-Hoc|x86.ActiveCfg = Debug|Any CPU
		{7106A4D9-12A4-4889-83E5-B13F7A8175E4}.Ad-Hoc|x86.Build.0 = Debug|Any CPU
		{7106A4D9-12A4-4889-83E5-B13F7A8175E4}.Ad-Hoc|x86.Deploy.0 = Debug|Any CPU
		{7106A4D9-12A4-4889-83E5-B13F7A8175E4}.AppStore|Any CPU.ActiveCfg = Debug|Any CPU
		{7106A4D9-12A4-4889-83E5-B13F7A8175E4}.AppStore|Any CPU.Build.0 = Debug|Any CPU
		{7106A4D9-12A4-4889-83E5-B13F7A8175E4}.AppStore|Any CPU.Deploy.0 = Debug|Any CPU
		{7106A4D9-12A4-4889-83E5-B13F7A8175E4}.AppStore|ARM.ActiveCfg = Debug|Any CPU
		{7106A4D9-12A4-4889-83E5-B13F7A8175E4}.AppStore|ARM.Build.0 = Debug|Any CPU
		{7106A4D9-12A4-4889-83E5-B13F7A8175E4}.AppStore|ARM.Deploy.0 = Debug|Any CPU
		{7106A4D9-12A4-4889-83E5-B13F7A8175E4}.AppStore|iPhone.ActiveCfg = Debug|Any CPU
		{7106A4D9-12A4-4889-83E5-B13F7A8175E4}.AppStore|iPhone.Build.0 = Debug|Any CPU
		{7106A4D9-12A4-4889-83E5-B13F7A8175E4}.AppStore|iPhone.Deploy.0 = Debug|Any CPU
		{7106A4D9-12A4-4889-83E5-B13F7A8175E4}.AppStore|iPhoneSimulator.ActiveCfg = Debug|Any CPU
		{7106A4D9-12A4-4889-83E5-B13F7A8175E4}.AppStore|iPhoneSimulator.Build.0 = Debug|Any CPU
		{7106A4D9-12A4-4889-83E5-B13F7A8175E4}.AppStore|iPhoneSimulator.Deploy.0 = Debug|Any CPU
		{7106A4D9-12A4-4889-83E5-B13F7A8175E4}.AppStore|x64.ActiveCfg = Debug|Any CPU
		{7106A4D9-12A4-4889-83E5-B13F7A8175E4}.AppStore|x64.Build.0 = Debug|Any CPU
		{7106A4D9-12A4-4889-83E5-B13F7A8175E4}.AppStore|x64.Deploy.0 = Debug|Any CPU
		{7106A4D9-12A4-4889-83E5-B13F7A8175E4}.AppStore|x86.ActiveCfg = Debug|Any CPU
		{7106A4D9-12A4-4889-83E5-B13F7A8175E4}.AppStore|x86.Build.0 = Debug|Any CPU
		{7106A4D9-12A4-4889-83E5-B13F7A8175E4}.AppStore|x86.Deploy.0 = Debug|Any CPU
		{7106A4D9-12A4-4889-83E5-B13F7A8175E4}.Debug|Any CPU.ActiveCfg = Debug|Any CPU
		{7106A4D9-12A4-4889-83E5-B13F7A8175E4}.Debug|Any CPU.Build.0 = Debug|Any CPU
		{7106A4D9-12A4-4889-83E5-B13F7A8175E4}.Debug|Any CPU.Deploy.0 = Debug|Any CPU
		{7106A4D9-12A4-4889-83E5-B13F7A8175E4}.Debug|ARM.ActiveCfg = Debug|Any CPU
		{7106A4D9-12A4-4889-83E5-B13F7A8175E4}.Debug|ARM.Build.0 = Debug|Any CPU
		{7106A4D9-12A4-4889-83E5-B13F7A8175E4}.Debug|ARM.Deploy.0 = Debug|Any CPU
		{7106A4D9-12A4-4889-83E5-B13F7A8175E4}.Debug|iPhone.ActiveCfg = Debug|Any CPU
		{7106A4D9-12A4-4889-83E5-B13F7A8175E4}.Debug|iPhone.Build.0 = Debug|Any CPU
		{7106A4D9-12A4-4889-83E5-B13F7A8175E4}.Debug|iPhone.Deploy.0 = Debug|Any CPU
		{7106A4D9-12A4-4889-83E5-B13F7A8175E4}.Debug|iPhoneSimulator.ActiveCfg = Debug|Any CPU
		{7106A4D9-12A4-4889-83E5-B13F7A8175E4}.Debug|iPhoneSimulator.Build.0 = Debug|Any CPU
		{7106A4D9-12A4-4889-83E5-B13F7A8175E4}.Debug|iPhoneSimulator.Deploy.0 = Debug|Any CPU
		{7106A4D9-12A4-4889-83E5-B13F7A8175E4}.Debug|x64.ActiveCfg = Debug|Any CPU
		{7106A4D9-12A4-4889-83E5-B13F7A8175E4}.Debug|x64.Build.0 = Debug|Any CPU
		{7106A4D9-12A4-4889-83E5-B13F7A8175E4}.Debug|x64.Deploy.0 = Debug|Any CPU
		{7106A4D9-12A4-4889-83E5-B13F7A8175E4}.Debug|x86.ActiveCfg = Debug|Any CPU
		{7106A4D9-12A4-4889-83E5-B13F7A8175E4}.Debug|x86.Build.0 = Debug|Any CPU
		{7106A4D9-12A4-4889-83E5-B13F7A8175E4}.Debug|x86.Deploy.0 = Debug|Any CPU
		{7106A4D9-12A4-4889-83E5-B13F7A8175E4}.Release|Any CPU.ActiveCfg = Release|Any CPU
		{7106A4D9-12A4-4889-83E5-B13F7A8175E4}.Release|Any CPU.Build.0 = Release|Any CPU
		{7106A4D9-12A4-4889-83E5-B13F7A8175E4}.Release|Any CPU.Deploy.0 = Release|Any CPU
		{7106A4D9-12A4-4889-83E5-B13F7A8175E4}.Release|ARM.ActiveCfg = Release|Any CPU
		{7106A4D9-12A4-4889-83E5-B13F7A8175E4}.Release|ARM.Build.0 = Release|Any CPU
		{7106A4D9-12A4-4889-83E5-B13F7A8175E4}.Release|ARM.Deploy.0 = Release|Any CPU
		{7106A4D9-12A4-4889-83E5-B13F7A8175E4}.Release|iPhone.ActiveCfg = Release|Any CPU
		{7106A4D9-12A4-4889-83E5-B13F7A8175E4}.Release|iPhone.Build.0 = Release|Any CPU
		{7106A4D9-12A4-4889-83E5-B13F7A8175E4}.Release|iPhone.Deploy.0 = Release|Any CPU
		{7106A4D9-12A4-4889-83E5-B13F7A8175E4}.Release|iPhoneSimulator.ActiveCfg = Release|Any CPU
		{7106A4D9-12A4-4889-83E5-B13F7A8175E4}.Release|iPhoneSimulator.Build.0 = Release|Any CPU
		{7106A4D9-12A4-4889-83E5-B13F7A8175E4}.Release|iPhoneSimulator.Deploy.0 = Release|Any CPU
		{7106A4D9-12A4-4889-83E5-B13F7A8175E4}.Release|x64.ActiveCfg = Release|Any CPU
		{7106A4D9-12A4-4889-83E5-B13F7A8175E4}.Release|x64.Build.0 = Release|Any CPU
		{7106A4D9-12A4-4889-83E5-B13F7A8175E4}.Release|x64.Deploy.0 = Release|Any CPU
		{7106A4D9-12A4-4889-83E5-B13F7A8175E4}.Release|x86.ActiveCfg = Release|Any CPU
		{7106A4D9-12A4-4889-83E5-B13F7A8175E4}.Release|x86.Build.0 = Release|Any CPU
		{7106A4D9-12A4-4889-83E5-B13F7A8175E4}.Release|x86.Deploy.0 = Release|Any CPU
	EndGlobalSection
	GlobalSection(SolutionProperties) = preSolution
		HideSolutionNode = FALSE
	EndGlobalSection
	GlobalSection(ExtensibilityGlobals) = postSolution
		SolutionGuid = {08F6A2DD-072E-40D5-A6B8-FF01FB2B863F}
	EndGlobalSection
EndGlobal
